
Microsoft Visual Studio Solution File, Format Version 12.00
# Visual Studio 15
VisualStudioVersion = 15.0.28307.960
MinimumVisualStudioVersion = 10.0.40219.1
Project("{FAE04EC0-301F-11D3-BF4B-00C04F79EFBC}") = "ArtilleryShooting", "ArtilleryShooting\ArtilleryShooting.csproj", "{11C1EAA6-EE8C-4B46-B2CF-0159D4189586}"
EndProject
Global
	GlobalSection(SolutionConfigurationPlatforms) = preSolution
		Debug|Any CPU = Debug|Any CPU
		Release|Any CPU = Release|Any CPU
	EndGlobalSection
	GlobalSection(ProjectConfigurationPlatforms) = postSolution
		{11C1EAA6-EE8C-4B46-B2CF-0159D4189586}.Debug|Any CPU.ActiveCfg = Debug|Any CPU
		{11C1EAA6-EE8C-4B46-B2CF-0159D4189586}.Debug|Any CPU.Build.0 = Debug|Any CPU
		{11C1EAA6-EE8C-4B46-B2CF-0159D4189586}.Release|Any CPU.ActiveCfg = Release|Any CPU
		{11C1EAA6-EE8C-4B46-B2CF-0159D4189586}.Release|Any CPU.Build.0 = Release|Any CPU
	EndGlobalSection
	GlobalSection(SolutionProperties) = preSolution
		HideSolutionNode = FALSE
	EndGlobalSection
	GlobalSection(ExtensibilityGlobals) = postSolution
		SolutionGuid = {8404D35E-F02C-4E4D-A8D6-56AA547FEACD}
	EndGlobalSection
EndGlobal
